{
  "version": 4,
  "terraform_version": "1.14.3",
  "serial": 113,
  "lineage": "9e917899-6eea-0e76-6f10-a97d28b4abdf",
  "outputs": {
    "service_principal_application_id": {
      "value": "d85675ed-6d4c-4d13-b4df-16cfdba08e09",
      "type": "string"
    },
    "service_principal_secret": {
      "value": "dosecc938d60b36082cd80cb4052a35bf9b2",
      "type": "string",
      "sensitive": true
    }
  },
  "resources": [
    {
      "mode": "managed",
      "type": "databricks_catalog",
      "name": "catalog",
      "provider": "provider[\"registry.terraform.io/databricks/databricks\"]",
      "instances": [
        {
          "schema_version": 0,
          "attributes": {
            "browse_only": false,
            "catalog_type": "MANAGED_CATALOG",
            "comment": "dev environment",
            "connection_name": null,
            "created_at": 1769128130812,
            "created_by": "robertjustinianpeng@gmail.com",
            "effective_predictive_optimization_flag": [
              {
                "inherited_from_name": "metastore_aws_us_east_2",
                "inherited_from_type": "METASTORE",
                "value": "ENABLE"
              }
            ],
            "enable_predictive_optimization": "INHERIT",
            "force_destroy": false,
            "full_name": "dev_appian_poc",
            "id": "dev_appian_poc",
            "isolation_mode": "OPEN",
            "metastore_id": "a2f2222e-66a9-49ec-8897-353707fb2a68",
            "name": "dev_appian_poc",
            "options": null,
            "owner": "robertjustinianpeng@gmail.com",
            "properties": {
              "environment": "dev",
              "managed_by": "terraform"
            },
            "provider_name": null,
            "provisioning_info": [],
            "securable_type": "CATALOG",
            "share_name": null,
            "storage_location": "s3://amzn-databricks-pro-storage/__unitystorage/catalogs/a7414a92-cc1b-4d9d-a11e-67e4baf38779",
            "storage_root": "s3://amzn-databricks-pro-storage/",
            "updated_at": 1769128130812,
            "updated_by": "robertjustinianpeng@gmail.com"
          },
          "sensitive_attributes": [
            [
              {
                "type": "get_attr",
                "value": "comment"
              }
            ],
            [
              {
                "type": "get_attr",
                "value": "name"
              }
            ],
            [
              {
                "type": "get_attr",
                "value": "properties"
              },
              {
                "type": "index",
                "value": {
                  "value": "environment",
                  "type": "string"
                }
              }
            ],
            [
              {
                "type": "get_attr",
                "value": "storage_root"
              }
            ]
          ],
          "identity_schema_version": 0,
          "private": "bnVsbA=="
        }
      ]
    },
    {
      "mode": "managed",
      "type": "databricks_grants",
      "name": "catalog_use",
      "provider": "provider[\"registry.terraform.io/databricks/databricks\"]",
      "instances": [
        {
          "schema_version": 0,
          "attributes": {
            "catalog": "dev_appian_poc",
            "credential": null,
            "external_location": null,
            "foreign_connection": null,
            "function": null,
            "grant": [
              {
                "principal": "d85675ed-6d4c-4d13-b4df-16cfdba08e09",
                "privileges": [
                  "USE_CATALOG"
                ]
              }
            ],
            "id": "catalog/dev_appian_poc",
            "metastore": null,
            "model": null,
            "pipeline": null,
            "recipient": null,
            "schema": null,
            "share": null,
            "storage_credential": null,
            "table": null,
            "volume": null
          },
          "sensitive_attributes": [
            [
              {
                "type": "get_attr",
                "value": "catalog"
              }
            ]
          ],
          "identity_schema_version": 0,
          "private": "bnVsbA==",
          "dependencies": [
            "databricks_catalog.catalog",
            "databricks_service_principal.service_principal_application_id"
          ]
        }
      ]
    },
    {
      "mode": "managed",
      "type": "databricks_grants",
      "name": "schema_bronze_use",
      "provider": "provider[\"registry.terraform.io/databricks/databricks\"]",
      "instances": [
        {
          "schema_version": 0,
          "attributes": {
            "catalog": null,
            "credential": null,
            "external_location": null,
            "foreign_connection": null,
            "function": null,
            "grant": [
              {
                "principal": "d85675ed-6d4c-4d13-b4df-16cfdba08e09",
                "privileges": [
                  "USE_SCHEMA"
                ]
              }
            ],
            "id": "schema/dev_appian_poc.00_bronze",
            "metastore": null,
            "model": null,
            "pipeline": null,
            "recipient": null,
            "schema": "dev_appian_poc.00_bronze",
            "share": null,
            "storage_credential": null,
            "table": null,
            "volume": null
          },
          "sensitive_attributes": [
            [
              {
                "type": "get_attr",
                "value": "schema"
              }
            ]
          ],
          "identity_schema_version": 0,
          "private": "bnVsbA==",
          "dependencies": [
            "databricks_catalog.catalog",
            "databricks_schema.bronze",
            "databricks_service_principal.service_principal_application_id"
          ]
        }
      ]
    },
    {
      "mode": "managed",
      "type": "databricks_grants",
      "name": "volume_bronze",
      "provider": "provider[\"registry.terraform.io/databricks/databricks\"]",
      "instances": [
        {
          "schema_version": 0,
          "attributes": {
            "catalog": null,
            "credential": null,
            "external_location": null,
            "foreign_connection": null,
            "function": null,
            "grant": [
              {
                "principal": "d85675ed-6d4c-4d13-b4df-16cfdba08e09",
                "privileges": [
                  "READ_VOLUME",
                  "WRITE_VOLUME"
                ]
              }
            ],
            "id": "volume/dev_appian_poc.00_bronze.landing_zone",
            "metastore": null,
            "model": null,
            "pipeline": null,
            "recipient": null,
            "schema": null,
            "share": null,
            "storage_credential": null,
            "table": null,
            "volume": "dev_appian_poc.00_bronze.landing_zone"
          },
          "sensitive_attributes": [
            [
              {
                "type": "get_attr",
                "value": "volume"
              }
            ]
          ],
          "identity_schema_version": 0,
          "private": "bnVsbA==",
          "dependencies": [
            "databricks_catalog.catalog",
            "databricks_schema.bronze",
            "databricks_service_principal.service_principal_application_id"
          ]
        }
      ]
    },
    {
      "mode": "managed",
      "type": "databricks_schema",
      "name": "bronze",
      "provider": "provider[\"registry.terraform.io/databricks/databricks\"]",
      "instances": [
        {
          "schema_version": 0,
          "attributes": {
            "catalog_name": "dev_appian_poc",
            "comment": "Raw data layer",
            "enable_predictive_optimization": "INHERIT",
            "force_destroy": false,
            "id": "dev_appian_poc.00_bronze",
            "metastore_id": "a2f2222e-66a9-49ec-8897-353707fb2a68",
            "name": "00_bronze",
            "owner": "robertjustinianpeng@gmail.com",
            "properties": {
              "layer": "bronze"
            },
            "schema_id": "fa5f60a6-97c1-43b9-a76f-75f68709a497",
            "storage_root": null
          },
          "sensitive_attributes": [
            [
              {
                "type": "get_attr",
                "value": "catalog_name"
              }
            ]
          ],
          "identity_schema_version": 0,
          "private": "bnVsbA==",
          "dependencies": [
            "databricks_catalog.catalog"
          ]
        }
      ]
    },
    {
      "mode": "managed",
      "type": "databricks_schema",
      "name": "gold",
      "provider": "provider[\"registry.terraform.io/databricks/databricks\"]",
      "instances": [
        {
          "schema_version": 0,
          "attributes": {
            "catalog_name": "dev_appian_poc",
            "comment": "Raw data layer",
            "enable_predictive_optimization": "INHERIT",
            "force_destroy": false,
            "id": "dev_appian_poc.02_gold",
            "metastore_id": "a2f2222e-66a9-49ec-8897-353707fb2a68",
            "name": "02_gold",
            "owner": "robertjustinianpeng@gmail.com",
            "properties": {
              "layer": "gold"
            },
            "schema_id": "d312ca37-c764-4bad-973f-a58144fc5f01",
            "storage_root": null
          },
          "sensitive_attributes": [
            [
              {
                "type": "get_attr",
                "value": "catalog_name"
              }
            ]
          ],
          "identity_schema_version": 0,
          "private": "bnVsbA==",
          "dependencies": [
            "databricks_catalog.catalog"
          ]
        }
      ]
    },
    {
      "mode": "managed",
      "type": "databricks_schema",
      "name": "silver",
      "provider": "provider[\"registry.terraform.io/databricks/databricks\"]",
      "instances": [
        {
          "schema_version": 0,
          "attributes": {
            "catalog_name": "dev_appian_poc",
            "comment": "Raw data layer",
            "enable_predictive_optimization": "INHERIT",
            "force_destroy": false,
            "id": "dev_appian_poc.01_silver",
            "metastore_id": "a2f2222e-66a9-49ec-8897-353707fb2a68",
            "name": "01_silver",
            "owner": "robertjustinianpeng@gmail.com",
            "properties": {
              "layer": "silver"
            },
            "schema_id": "a4b02c9c-b0e3-4324-888b-5b6b285f3a1b",
            "storage_root": null
          },
          "sensitive_attributes": [
            [
              {
                "type": "get_attr",
                "value": "catalog_name"
              }
            ]
          ],
          "identity_schema_version": 0,
          "private": "bnVsbA==",
          "dependencies": [
            "databricks_catalog.catalog"
          ]
        }
      ]
    },
    {
      "mode": "managed",
      "type": "databricks_service_principal",
      "name": "service_principal_application_id",
      "provider": "provider[\"registry.terraform.io/databricks/databricks\"]",
      "instances": [
        {
          "schema_version": 0,
          "attributes": {
            "acl_principal_id": "servicePrincipals/d85675ed-6d4c-4d13-b4df-16cfdba08e09",
            "active": true,
            "allow_cluster_create": false,
            "allow_instance_pool_create": false,
            "application_id": "d85675ed-6d4c-4d13-b4df-16cfdba08e09",
            "databricks_sql_access": false,
            "disable_as_user_deletion": null,
            "display_name": "appian_document_service_principal",
            "external_id": "",
            "force": null,
            "force_delete_home_dir": null,
            "force_delete_repos": null,
            "home": "/Users/d85675ed-6d4c-4d13-b4df-16cfdba08e09",
            "id": "78090310761394",
            "repos": "/Repos/d85675ed-6d4c-4d13-b4df-16cfdba08e09",
            "workspace_access": false,
            "workspace_consume": false
          },
          "sensitive_attributes": [],
          "identity_schema_version": 0,
          "private": "bnVsbA=="
        }
      ]
    },
    {
      "mode": "managed",
      "type": "databricks_service_principal_secret",
      "name": "service_principal_secret_secret",
      "provider": "provider[\"registry.terraform.io/databricks/databricks\"]",
      "instances": [
        {
          "schema_version": 0,
          "attributes": {
            "create_time": "2026-01-23T00:28:52.000Z",
            "expire_time": "2028-01-23T00:28:52Z",
            "id": "1e4bdab5c9a2d64b6a1a03577e54dab5895ade017b3e9df645e0f4988186b567",
            "lifetime": "",
            "secret": "dosecc938d60b36082cd80cb4052a35bf9b2",
            "secret_hash": "1e4bdab5c9a2d64b6a1a03577e54dab5895ade017b3e9df645e0f4988186b567",
            "service_principal_id": "78090310761394",
            "status": "ACTIVE",
            "time_rotating": null,
            "update_time": "2026-01-23T00:28:52.000Z"
          },
          "sensitive_attributes": [
            [
              {
                "type": "get_attr",
                "value": "secret"
              }
            ]
          ],
          "identity_schema_version": 0,
          "private": "bnVsbA==",
          "dependencies": [
            "databricks_service_principal.service_principal_application_id"
          ]
        }
      ]
    },
    {
      "mode": "managed",
      "type": "databricks_volume",
      "name": "landing_zone",
      "provider": "provider[\"registry.terraform.io/databricks/databricks\"]",
      "instances": [
        {
          "schema_version": 0,
          "attributes": {
            "catalog_name": "dev_appian_poc",
            "comment": "Volume for raw data ingestion",
            "id": "dev_appian_poc.00_bronze.landing_zone",
            "name": "landing_zone",
            "owner": "robertjustinianpeng@gmail.com",
            "schema_name": "00_bronze",
            "storage_location": "s3://amzn-databricks-pro-storage/__unitystorage/catalogs/a7414a92-cc1b-4d9d-a11e-67e4baf38779/volumes/b79df67c-f109-45d2-81ff-0ed47de803c3",
            "volume_path": "/Volumes/dev_appian_poc/00_bronze/landing_zone",
            "volume_type": "MANAGED"
          },
          "sensitive_attributes": [
            [
              {
                "type": "get_attr",
                "value": "catalog_name"
              }
            ]
          ],
          "identity_schema_version": 0,
          "private": "bnVsbA==",
          "dependencies": [
            "databricks_catalog.catalog",
            "databricks_schema.bronze"
          ]
        }
      ]
    }
  ],
  "check_results": null
}
