{
  "version": 4,
  "terraform_version": "1.14.3",
  "serial": 19,
  "lineage": "9e917899-6eea-0e76-6f10-a97d28b4abdf",
  "outputs": {},
  "resources": [
    {
      "mode": "managed",
      "type": "databricks_catalog",
      "name": "catalog",
      "provider": "provider[\"registry.terraform.io/databricks/databricks\"]",
      "instances": [
        {
          "schema_version": 0,
          "attributes": {
            "browse_only": false,
            "catalog_type": "MANAGED_CATALOG",
            "comment": "dev environment",
            "connection_name": null,
            "created_at": 1769123286753,
            "created_by": "robertjustinianpeng@gmail.com",
            "effective_predictive_optimization_flag": [
              {
                "inherited_from_name": "metastore_aws_us_east_2",
                "inherited_from_type": "METASTORE",
                "value": "ENABLE"
              }
            ],
            "enable_predictive_optimization": null,
            "force_destroy": false,
            "full_name": "dev_appian_poc",
            "id": "dev_appian_poc",
            "isolation_mode": "OPEN",
            "metastore_id": "a2f2222e-66a9-49ec-8897-353707fb2a68",
            "name": "dev_appian_poc",
            "options": null,
            "owner": "robertjustinianpeng@gmail.com",
            "properties": {
              "environment": "dev",
              "managed_by": "terraform"
            },
            "provider_name": null,
            "provisioning_info": null,
            "securable_type": "CATALOG",
            "share_name": null,
            "storage_location": "s3://amzn-databricks-pro-storage/__unitystorage/catalogs/e2efd2f1-93fb-48b6-878b-34dc7b6e6a47",
            "storage_root": "s3://amzn-databricks-pro-storage/",
            "updated_at": 1769123286753,
            "updated_by": "robertjustinianpeng@gmail.com"
          },
          "sensitive_attributes": [
            [
              {
                "type": "get_attr",
                "value": "comment"
              }
            ],
            [
              {
                "type": "get_attr",
                "value": "name"
              }
            ],
            [
              {
                "type": "get_attr",
                "value": "properties"
              },
              {
                "type": "index",
                "value": {
                  "value": "environment",
                  "type": "string"
                }
              }
            ],
            [
              {
                "type": "get_attr",
                "value": "storage_root"
              }
            ]
          ],
          "identity_schema_version": 0,
          "private": "bnVsbA=="
        }
      ]
    },
    {
      "mode": "managed",
      "type": "databricks_schema",
      "name": "bronze",
      "provider": "provider[\"registry.terraform.io/databricks/databricks\"]",
      "instances": [
        {
          "schema_version": 0,
          "attributes": {
            "catalog_name": "dev_appian_poc",
            "comment": "Raw data layer",
            "enable_predictive_optimization": "INHERIT",
            "force_destroy": false,
            "id": "dev_appian_poc.00_bronze",
            "metastore_id": "a2f2222e-66a9-49ec-8897-353707fb2a68",
            "name": "00_bronze",
            "owner": "robertjustinianpeng@gmail.com",
            "properties": {
              "layer": "bronze"
            },
            "schema_id": "469be18c-532b-4fc4-9d26-47cdc4fa6626",
            "storage_root": null
          },
          "sensitive_attributes": [
            [
              {
                "type": "get_attr",
                "value": "catalog_name"
              }
            ]
          ],
          "identity_schema_version": 0,
          "private": "bnVsbA==",
          "dependencies": [
            "databricks_catalog.catalog"
          ]
        }
      ]
    },
    {
      "mode": "managed",
      "type": "databricks_schema",
      "name": "gold",
      "provider": "provider[\"registry.terraform.io/databricks/databricks\"]",
      "instances": [
        {
          "schema_version": 0,
          "attributes": {
            "catalog_name": "dev_appian_poc",
            "comment": "Raw data layer",
            "enable_predictive_optimization": "INHERIT",
            "force_destroy": false,
            "id": "dev_appian_poc.02_gold",
            "metastore_id": "a2f2222e-66a9-49ec-8897-353707fb2a68",
            "name": "02_gold",
            "owner": "robertjustinianpeng@gmail.com",
            "properties": {
              "layer": "gold"
            },
            "schema_id": "ecb8683f-64ec-498f-a552-7c248c43d166",
            "storage_root": null
          },
          "sensitive_attributes": [
            [
              {
                "type": "get_attr",
                "value": "catalog_name"
              }
            ]
          ],
          "identity_schema_version": 0,
          "private": "bnVsbA==",
          "dependencies": [
            "databricks_catalog.catalog"
          ]
        }
      ]
    },
    {
      "mode": "managed",
      "type": "databricks_schema",
      "name": "silver",
      "provider": "provider[\"registry.terraform.io/databricks/databricks\"]",
      "instances": [
        {
          "schema_version": 0,
          "attributes": {
            "catalog_name": "dev_appian_poc",
            "comment": "Raw data layer",
            "enable_predictive_optimization": "INHERIT",
            "force_destroy": false,
            "id": "dev_appian_poc.01_silver",
            "metastore_id": "a2f2222e-66a9-49ec-8897-353707fb2a68",
            "name": "01_silver",
            "owner": "robertjustinianpeng@gmail.com",
            "properties": {
              "layer": "silver"
            },
            "schema_id": "ca9a78d0-2aa3-4a28-b7d7-2bd45cec14af",
            "storage_root": null
          },
          "sensitive_attributes": [
            [
              {
                "type": "get_attr",
                "value": "catalog_name"
              }
            ]
          ],
          "identity_schema_version": 0,
          "private": "bnVsbA==",
          "dependencies": [
            "databricks_catalog.catalog"
          ]
        }
      ]
    }
  ],
  "check_results": null
}
